// !$*UTF8*$!
{
	archiveVersion = 1;
	classes = {
	};
	objectVersion = 77;
	objects = {

/* Begin PBXBuildFile section */
		7371DA252F496A4800744F31 /* P7_Countries_TravelApp.swift in Sources */ = {isa = PBXBuildFile; fileRef = 7371DA242F496A4800744F31 /* P7_Countries_TravelApp.swift */; };
		7371DA272F496A4800744F31 /* ContentView.swift in Sources */ = {isa = PBXBuildFile; fileRef = 7371DA262F496A4800744F31 /* ContentView.swift */; };
		7371DA292F496A4900744F31 /* Assets.xcassets in Resources */ = {isa = PBXBuildFile; fileRef = 7371DA282F496A4900744F31 /* Assets.xcassets */; };
		7371DA392F496BCB00744F31 /* CountryModel.swift in Sources */ = {isa = PBXBuildFile; fileRef = 7371DA382F496BCB00744F31 /* CountryModel.swift */; };
		7371DA3E2F49785D00744F31 /* CountryDataService.swift in Sources */ = {isa = PBXBuildFile; fileRef = 7371DA3D2F49785C00744F31 /* CountryDataService.swift */; };
		7371DA402F49799A00744F31 /* CountryListView.swift in Sources */ = {isa = PBXBuildFile; fileRef = 7371DA3F2F49799A00744F31 /* CountryListView.swift */; };
		7371DA422F4979BF00744F31 /* CountryListViewModel.swift in Sources */ = {isa = PBXBuildFile; fileRef = 7371DA412F4979BF00744F31 /* CountryListViewModel.swift */; };
		7371DA442F4980C900744F31 /* CountryFlagDataService.swift in Sources */ = {isa = PBXBuildFile; fileRef = 7371DA432F4980C900744F31 /* CountryFlagDataService.swift */; };
		7371DA492F49836300744F31 /* CountryFlagViewModel.swift in Sources */ = {isa = PBXBuildFile; fileRef = 7371DA482F49836300744F31 /* CountryFlagViewModel.swift */; };
		7371DA4D2F49846200744F31 /* CountryFlagView.swift in Sources */ = {isa = PBXBuildFile; fileRef = 7371DA4C2F49846200744F31 /* CountryFlagView.swift */; };
		7371DA4F2F49850600744F31 /* DevPreview.swift in Sources */ = {isa = PBXBuildFile; fileRef = 7371DA4E2F49850600744F31 /* DevPreview.swift */; };
		73A0B6512F4995FE007D8B33 /* CountryRowView.swift in Sources */ = {isa = PBXBuildFile; fileRef = 73A0B6502F4995FE007D8B33 /* CountryRowView.swift */; };
		73A0B6562F49A112007D8B33 /* StartView.swift in Sources */ = {isa = PBXBuildFile; fileRef = 73A0B6552F49A112007D8B33 /* StartView.swift */; };
		73A0B6582F4BA6BD007D8B33 /* CircleButtonView.swift in Sources */ = {isa = PBXBuildFile; fileRef = 73A0B6572F4BA6BD007D8B33 /* CircleButtonView.swift */; };
		73A0B65A2F4BEC18007D8B33 /* CacheManager.swift in Sources */ = {isa = PBXBuildFile; fileRef = 73A0B6592F4BEC18007D8B33 /* CacheManager.swift */; };
		73A0B65C2F4BEE15007D8B33 /* StartViewModel.swift in Sources */ = {isa = PBXBuildFile; fileRef = 73A0B65B2F4BEE15007D8B33 /* StartViewModel.swift */; };
		73A0B6602F4BF900007D8B33 /* test.swift in Sources */ = {isa = PBXBuildFile; fileRef = 73A0B65F2F4BF900007D8B33 /* test.swift */; };
		73A0B6632F4C0530007D8B33 /* NewTripView.swift in Sources */ = {isa = PBXBuildFile; fileRef = 73A0B6622F4C0530007D8B33 /* NewTripView.swift */; };
		73A0B6652F526523007D8B33 /* NetworkingManager.swift in Sources */ = {isa = PBXBuildFile; fileRef = 73A0B6642F526523007D8B33 /* NetworkingManager.swift */; };
		73A0B6672F52A33D007D8B33 /* SearchBarView.swift in Sources */ = {isa = PBXBuildFile; fileRef = 73A0B6662F52A33D007D8B33 /* SearchBarView.swift */; };
		73A0B66A2F537C7A007D8B33 /* TripContainer.xcdatamodeld in Sources */ = {isa = PBXBuildFile; fileRef = 73A0B6682F537C7A007D8B33 /* TripContainer.xcdatamodeld */; };
		73A0B66C2F552C17007D8B33 /* TripsDataService.swift in Sources */ = {isa = PBXBuildFile; fileRef = 73A0B66B2F552C17007D8B33 /* TripsDataService.swift */; };
		73A0B6C42F562747007D8B33 /* NewTripViewModel.swift in Sources */ = {isa = PBXBuildFile; fileRef = 73A0B6C32F562747007D8B33 /* NewTripViewModel.swift */; };
		73A0B6C62F562F2E007D8B33 /* AllTripsView.swift in Sources */ = {isa = PBXBuildFile; fileRef = 73A0B6C52F562F2E007D8B33 /* AllTripsView.swift */; };
		73A0B6C82F562F3A007D8B33 /* AllTripsViewModel.swift in Sources */ = {isa = PBXBuildFile; fileRef = 73A0B6C72F562F3A007D8B33 /* AllTripsViewModel.swift */; };
		73A0B6CA2F5633F9007D8B33 /* TripListItemView.swift in Sources */ = {isa = PBXBuildFile; fileRef = 73A0B6C92F5633F9007D8B33 /* TripListItemView.swift */; };
		73A0B6CC2F569691007D8B33 /* TripDetailView.swift in Sources */ = {isa = PBXBuildFile; fileRef = 73A0B6CB2F569691007D8B33 /* TripDetailView.swift */; };
		73A0B6CE2F57F60C007D8B33 /* Route.swift in Sources */ = {isa = PBXBuildFile; fileRef = 73A0B6CD2F57F60C007D8B33 /* Route.swift */; };
		73A0B6D02F57FBEB007D8B33 /* XMarkButton.swift in Sources */ = {isa = PBXBuildFile; fileRef = 73A0B6CF2F57FBEB007D8B33 /* XMarkButton.swift */; };
		73A0B6D62F5A8226007D8B33 /* LocalFileManager.swift in Sources */ = {isa = PBXBuildFile; fileRef = 73A0B6D52F5A8226007D8B33 /* LocalFileManager.swift */; };
/* End PBXBuildFile section */

/* Begin PBXFileReference section */
		7371DA212F496A4800744F31 /* P7-Countries-Travel.app */ = {isa = PBXFileReference; explicitFileType = wrapper.application; includeInIndex = 0; path = "P7-Countries-Travel.app"; sourceTree = BUILT_PRODUCTS_DIR; };
		7371DA242F496A4800744F31 /* P7_Countries_TravelApp.swift */ = {isa = PBXFileReference; lastKnownFileType = sourcecode.swift; path = P7_Countries_TravelApp.swift; sourceTree = "<group>"; };
		7371DA262F496A4800744F31 /* ContentView.swift */ = {isa = PBXFileReference; lastKnownFileType = sourcecode.swift; path = ContentView.swift; sourceTree = "<group>"; };
		7371DA282F496A4900744F31 /* Assets.xcassets */ = {isa = PBXFileReference; lastKnownFileType = folder.assetcatalog; path = Assets.xcassets; sourceTree = "<group>"; };
		7371DA382F496BCB00744F31 /* CountryModel.swift */ = {isa = PBXFileReference; lastKnownFileType = sourcecode.swift; path = CountryModel.swift; sourceTree = "<group>"; };
		7371DA3D2F49785C00744F31 /* CountryDataService.swift */ = {isa = PBXFileReference; lastKnownFileType = sourcecode.swift; path = CountryDataService.swift; sourceTree = "<group>"; };
		7371DA3F2F49799A00744F31 /* CountryListView.swift */ = {isa = PBXFileReference; lastKnownFileType = sourcecode.swift; path = CountryListView.swift; sourceTree = "<group>"; };
		7371DA412F4979BF00744F31 /* CountryListViewModel.swift */ = {isa = PBXFileReference; lastKnownFileType = sourcecode.swift; path = CountryListViewModel.swift; sourceTree = "<group>"; };
		7371DA432F4980C900744F31 /* CountryFlagDataService.swift */ = {isa = PBXFileReference; lastKnownFileType = sourcecode.swift; path = CountryFlagDataService.swift; sourceTree = "<group>"; };
		7371DA482F49836300744F31 /* CountryFlagViewModel.swift */ = {isa = PBXFileReference; lastKnownFileType = sourcecode.swift; path = CountryFlagViewModel.swift; sourceTree = "<group>"; };
		7371DA4C2F49846200744F31 /* CountryFlagView.swift */ = {isa = PBXFileReference; lastKnownFileType = sourcecode.swift; path = CountryFlagView.swift; sourceTree = "<group>"; };
		7371DA4E2F49850600744F31 /* DevPreview.swift */ = {isa = PBXFileReference; lastKnownFileType = sourcecode.swift; path = DevPreview.swift; sourceTree = "<group>"; };
		73A0B6502F4995FE007D8B33 /* CountryRowView.swift */ = {isa = PBXFileReference; lastKnownFileType = sourcecode.swift; path = CountryRowView.swift; sourceTree = "<group>"; };
		73A0B6552F49A112007D8B33 /* StartView.swift */ = {isa = PBXFileReference; lastKnownFileType = sourcecode.swift; path = StartView.swift; sourceTree = "<group>"; };
		73A0B6572F4BA6BD007D8B33 /* CircleButtonView.swift */ = {isa = PBXFileReference; lastKnownFileType = sourcecode.swift; path = CircleButtonView.swift; sourceTree = "<group>"; };
		73A0B6592F4BEC18007D8B33 /* CacheManager.swift */ = {isa = PBXFileReference; lastKnownFileType = sourcecode.swift; path = CacheManager.swift; sourceTree = "<group>"; };
		73A0B65B2F4BEE15007D8B33 /* StartViewModel.swift */ = {isa = PBXFileReference; lastKnownFileType = sourcecode.swift; path = StartViewModel.swift; sourceTree = "<group>"; };
		73A0B65F2F4BF900007D8B33 /* test.swift */ = {isa = PBXFileReference; lastKnownFileType = sourcecode.swift; path = test.swift; sourceTree = "<group>"; };
		73A0B6622F4C0530007D8B33 /* NewTripView.swift */ = {isa = PBXFileReference; lastKnownFileType = sourcecode.swift; path = NewTripView.swift; sourceTree = "<group>"; };
		73A0B6642F526523007D8B33 /* NetworkingManager.swift */ = {isa = PBXFileReference; lastKnownFileType = sourcecode.swift; path = NetworkingManager.swift; sourceTree = "<group>"; };
		73A0B6662F52A33D007D8B33 /* SearchBarView.swift */ = {isa = PBXFileReference; lastKnownFileType = sourcecode.swift; path = SearchBarView.swift; sourceTree = "<group>"; };
		73A0B6692F537C7A007D8B33 /* TripContainer.xcdatamodel */ = {isa = PBXFileReference; lastKnownFileType = wrapper.xcdatamodel; path = TripContainer.xcdatamodel; sourceTree = "<group>"; };
		73A0B66B2F552C17007D8B33 /* TripsDataService.swift */ = {isa = PBXFileReference; lastKnownFileType = sourcecode.swift; path = TripsDataService.swift; sourceTree = "<group>"; };
		73A0B6C32F562747007D8B33 /* NewTripViewModel.swift */ = {isa = PBXFileReference; lastKnownFileType = sourcecode.swift; path = NewTripViewModel.swift; sourceTree = "<group>"; };
		73A0B6C52F562F2E007D8B33 /* AllTripsView.swift */ = {isa = PBXFileReference; lastKnownFileType = sourcecode.swift; path = AllTripsView.swift; sourceTree = "<group>"; };
		73A0B6C72F562F3A007D8B33 /* AllTripsViewModel.swift */ = {isa = PBXFileReference; lastKnownFileType = sourcecode.swift; path = AllTripsViewModel.swift; sourceTree = "<group>"; };
		73A0B6C92F5633F9007D8B33 /* TripListItemView.swift */ = {isa = PBXFileReference; lastKnownFileType = sourcecode.swift; path = TripListItemView.swift; sourceTree = "<group>"; };
		73A0B6CB2F569691007D8B33 /* TripDetailView.swift */ = {isa = PBXFileReference; lastKnownFileType = sourcecode.swift; path = TripDetailView.swift; sourceTree = "<group>"; };
		73A0B6CD2F57F60C007D8B33 /* Route.swift */ = {isa = PBXFileReference; lastKnownFileType = sourcecode.swift; path = Route.swift; sourceTree = "<group>"; };
		73A0B6CF2F57FBEB007D8B33 /* XMarkButton.swift */ = {isa = PBXFileReference; lastKnownFileType = sourcecode.swift; path = XMarkButton.swift; sourceTree = "<group>"; };
		73A0B6D52F5A8226007D8B33 /* LocalFileManager.swift */ = {isa = PBXFileReference; lastKnownFileType = sourcecode.swift; path = LocalFileManager.swift; sourceTree = "<group>"; };
/* End PBXFileReference section */

/* Begin PBXFrameworksBuildPhase section */
		7371DA1E2F496A4800744F31 /* Frameworks */ = {
			isa = PBXFrameworksBuildPhase;
			buildActionMask = 2147483647;
			files = (
			);
			runOnlyForDeploymentPostprocessing = 0;
		};
/* End PBXFrameworksBuildPhase section */

/* Begin PBXGroup section */
		7371DA182F496A4800744F31 = {
			isa = PBXGroup;
			children = (
				7371DA2F2F496A5700744F31 /* P7-Countries-Travel */,
				7371DA222F496A4800744F31 /* Products */,
			);
			sourceTree = "<group>";
		};
		7371DA222F496A4800744F31 /* Products */ = {
			isa = PBXGroup;
			children = (
				7371DA212F496A4800744F31 /* P7-Countries-Travel.app */,
			);
			name = Products;
			sourceTree = "<group>";
		};
		7371DA2F2F496A5700744F31 /* P7-Countries-Travel */ = {
			isa = PBXGroup;
			children = (
				7371DA332F496B0600744F31 /* Utilities */,
				7371DA362F496B1A00744F31 /* Extensions */,
				7371DA342F496B0C00744F31 /* Services */,
				7371DA322F496AFD00744F31 /* Models */,
				7371DA352F496B1100744F31 /* Core */,
				7371DA282F496A4900744F31 /* Assets.xcassets */,
				7371DA262F496A4800744F31 /* ContentView.swift */,
				7371DA242F496A4800744F31 /* P7_Countries_TravelApp.swift */,
			);
			path = "P7-Countries-Travel";
			sourceTree = "<group>";
		};
		7371DA322F496AFD00744F31 /* Models */ = {
			isa = PBXGroup;
			children = (
				7371DA382F496BCB00744F31 /* CountryModel.swift */,
				73A0B6682F537C7A007D8B33 /* TripContainer.xcdatamodeld */,
				73A0B6CD2F57F60C007D8B33 /* Route.swift */,
			);
			path = Models;
			sourceTree = "<group>";
		};
		7371DA332F496B0600744F31 /* Utilities */ = {
			isa = PBXGroup;
			children = (
				73A0B6592F4BEC18007D8B33 /* CacheManager.swift */,
				73A0B6642F526523007D8B33 /* NetworkingManager.swift */,
				73A0B6D52F5A8226007D8B33 /* LocalFileManager.swift */,
			);
			path = Utilities;
			sourceTree = "<group>";
		};
		7371DA342F496B0C00744F31 /* Services */ = {
			isa = PBXGroup;
			children = (
				7371DA3D2F49785C00744F31 /* CountryDataService.swift */,
				7371DA432F4980C900744F31 /* CountryFlagDataService.swift */,
				73A0B66B2F552C17007D8B33 /* TripsDataService.swift */,
			);
			path = Services;
			sourceTree = "<group>";
		};
		7371DA352F496B1100744F31 /* Core */ = {
			isa = PBXGroup;
			children = (
				7371DA372F496B8300744F31 /* Components */,
				73A0B6542F49A0F3007D8B33 /* Start */,
				73A0B6612F4C04EF007D8B33 /* NewTrip */,
				73A0B64D2F49913A007D8B33 /* Trips */,
			);
			path = Core;
			sourceTree = "<group>";
		};
		7371DA362F496B1A00744F31 /* Extensions */ = {
			isa = PBXGroup;
			children = (
				7371DA4E2F49850600744F31 /* DevPreview.swift */,
			);
			path = Extensions;
			sourceTree = "<group>";
		};
		7371DA372F496B8300744F31 /* Components */ = {
			isa = PBXGroup;
			children = (
				7371DA452F49832200744F31 /* CountryFlagImage */,
				73A0B6572F4BA6BD007D8B33 /* CircleButtonView.swift */,
				73A0B6662F52A33D007D8B33 /* SearchBarView.swift */,
				73A0B6CF2F57FBEB007D8B33 /* XMarkButton.swift */,
			);
			path = Components;
			sourceTree = "<group>";
		};
		7371DA3B2F49700F00744F31 /* ViewModels */ = {
			isa = PBXGroup;
			children = (
				7371DA412F4979BF00744F31 /* CountryListViewModel.swift */,
				73A0B6C32F562747007D8B33 /* NewTripViewModel.swift */,
			);
			path = ViewModels;
			sourceTree = "<group>";
		};
		7371DA3C2F49701500744F31 /* Views */ = {
			isa = PBXGroup;
			children = (
				7371DA3F2F49799A00744F31 /* CountryListView.swift */,
				73A0B6502F4995FE007D8B33 /* CountryRowView.swift */,
				73A0B6622F4C0530007D8B33 /* NewTripView.swift */,
			);
			path = Views;
			sourceTree = "<group>";
		};
		7371DA452F49832200744F31 /* CountryFlagImage */ = {
			isa = PBXGroup;
			children = (
				7371DA482F49836300744F31 /* CountryFlagViewModel.swift */,
				7371DA4C2F49846200744F31 /* CountryFlagView.swift */,
			);
			path = CountryFlagImage;
			sourceTree = "<group>";
		};
		73A0B64D2F49913A007D8B33 /* Trips */ = {
			isa = PBXGroup;
			children = (
				73A0B6D32F5A7278007D8B33 /* ViewModels */,
				73A0B6D42F5A7281007D8B33 /* Views */,
				73A0B6C52F562F2E007D8B33 /* AllTripsView.swift */,
				73A0B6C92F5633F9007D8B33 /* TripListItemView.swift */,
				73A0B6CB2F569691007D8B33 /* TripDetailView.swift */,
			);
			path = Trips;
			sourceTree = "<group>";
		};
		73A0B6542F49A0F3007D8B33 /* Start */ = {
			isa = PBXGroup;
			children = (
				73A0B65B2F4BEE15007D8B33 /* StartViewModel.swift */,
				73A0B6552F49A112007D8B33 /* StartView.swift */,
				73A0B65F2F4BF900007D8B33 /* test.swift */,
			);
			path = Start;
			sourceTree = "<group>";
		};
		73A0B6612F4C04EF007D8B33 /* NewTrip */ = {
			isa = PBXGroup;
			children = (
				7371DA3B2F49700F00744F31 /* ViewModels */,
				7371DA3C2F49701500744F31 /* Views */,
			);
			path = NewTrip;
			sourceTree = "<group>";
		};
		73A0B6D32F5A7278007D8B33 /* ViewModels */ = {
			isa = PBXGroup;
			children = (
				73A0B6C72F562F3A007D8B33 /* AllTripsViewModel.swift */,
			);
			path = ViewModels;
			sourceTree = "<group>";
		};
		73A0B6D42F5A7281007D8B33 /* Views */ = {
			isa = PBXGroup;
			children = (
			);
			path = Views;
			sourceTree = "<group>";
		};
/* End PBXGroup section */

/* Begin PBXNativeTarget section */
		7371DA202F496A4800744F31 /* P7-Countries-Travel */ = {
			isa = PBXNativeTarget;
			buildConfigurationList = 7371DA2C2F496A4900744F31 /* Build configuration list for PBXNativeTarget "P7-Countries-Travel" */;
			buildPhases = (
				7371DA1D2F496A4800744F31 /* Sources */,
				7371DA1E2F496A4800744F31 /* Frameworks */,
				7371DA1F2F496A4800744F31 /* Resources */,
			);
			buildRules = (
			);
			dependencies = (
			);
			name = "P7-Countries-Travel";
			packageProductDependencies = (
			);
			productName = "P7-Countries-Travel";
			productReference = 7371DA212F496A4800744F31 /* P7-Countries-Travel.app */;
			productType = "com.apple.product-type.application";
		};
/* End PBXNativeTarget section */

/* Begin PBXProject section */
		7371DA192F496A4800744F31 /* Project object */ = {
			isa = PBXProject;
			attributes = {
				BuildIndependentTargetsInParallel = 1;
				LastSwiftUpdateCheck = 2610;
				LastUpgradeCheck = 2610;
				TargetAttributes = {
					7371DA202F496A4800744F31 = {
						CreatedOnToolsVersion = 26.1.1;
					};
				};
			};
			buildConfigurationList = 7371DA1C2F496A4800744F31 /* Build configuration list for PBXProject "P7-Countries-Travel" */;
			developmentRegion = en;
			hasScannedForEncodings = 0;
			knownRegions = (
				en,
				Base,
			);
			mainGroup = 7371DA182F496A4800744F31;
			minimizedProjectReferenceProxies = 1;
			preferredProjectObjectVersion = 77;
			productRefGroup = 7371DA222F496A4800744F31 /* Products */;
			projectDirPath = "";
			projectRoot = "";
			targets = (
				7371DA202F496A4800744F31 /* P7-Countries-Travel */,
			);
		};
/* End PBXProject section */

/* Begin PBXResourcesBuildPhase section */
		7371DA1F2F496A4800744F31 /* Resources */ = {
			isa = PBXResourcesBuildPhase;
			buildActionMask = 2147483647;
			files = (
				7371DA292F496A4900744F31 /* Assets.xcassets in Resources */,
			);
			runOnlyForDeploymentPostprocessing = 0;
		};
/* End PBXResourcesBuildPhase section */

/* Begin PBXSourcesBuildPhase section */
		7371DA1D2F496A4800744F31 /* Sources */ = {
			isa = PBXSourcesBuildPhase;
			buildActionMask = 2147483647;
			files = (
				73A0B6672F52A33D007D8B33 /* SearchBarView.swift in Sources */,
				7371DA4F2F49850600744F31 /* DevPreview.swift in Sources */,
				73A0B66C2F552C17007D8B33 /* TripsDataService.swift in Sources */,
				73A0B6D02F57FBEB007D8B33 /* XMarkButton.swift in Sources */,
				73A0B6602F4BF900007D8B33 /* test.swift in Sources */,
				7371DA272F496A4800744F31 /* ContentView.swift in Sources */,
				73A0B6512F4995FE007D8B33 /* CountryRowView.swift in Sources */,
				73A0B66A2F537C7A007D8B33 /* TripContainer.xcdatamodeld in Sources */,
				7371DA422F4979BF00744F31 /* CountryListViewModel.swift in Sources */,
				7371DA252F496A4800744F31 /* P7_Countries_TravelApp.swift in Sources */,
				7371DA3E2F49785D00744F31 /* CountryDataService.swift in Sources */,
				7371DA402F49799A00744F31 /* CountryListView.swift in Sources */,
				73A0B6C62F562F2E007D8B33 /* AllTripsView.swift in Sources */,
				73A0B6CA2F5633F9007D8B33 /* TripListItemView.swift in Sources */,
				7371DA442F4980C900744F31 /* CountryFlagDataService.swift in Sources */,
				73A0B6652F526523007D8B33 /* NetworkingManager.swift in Sources */,
				7371DA392F496BCB00744F31 /* CountryModel.swift in Sources */,
				7371DA4D2F49846200744F31 /* CountryFlagView.swift in Sources */,
				73A0B6632F4C0530007D8B33 /* NewTripView.swift in Sources */,
				73A0B6CE2F57F60C007D8B33 /* Route.swift in Sources */,
				7371DA492F49836300744F31 /* CountryFlagViewModel.swift in Sources */,
				73A0B6CC2F569691007D8B33 /* TripDetailView.swift in Sources */,
				73A0B6D62F5A8226007D8B33 /* LocalFileManager.swift in Sources */,
				73A0B65A2F4BEC18007D8B33 /* CacheManager.swift in Sources */,
				73A0B65C2F4BEE15007D8B33 /* StartViewModel.swift in Sources */,
				73A0B6562F49A112007D8B33 /* StartView.swift in Sources */,
				73A0B6C42F562747007D8B33 /* NewTripViewModel.swift in Sources */,
				73A0B6C82F562F3A007D8B33 /* AllTripsViewModel.swift in Sources */,
				73A0B6582F4BA6BD007D8B33 /* CircleButtonView.swift in Sources */,
			);
			runOnlyForDeploymentPostprocessing = 0;
		};
/* End PBXSourcesBuildPhase section */

/* Begin XCBuildConfiguration section */
		7371DA2A2F496A4900744F31 /* Debug */ = {
			isa = XCBuildConfiguration;
			buildSettings = {
				ALWAYS_SEARCH_USER_PATHS = NO;
				ASSETCATALOG_COMPILER_GENERATE_SWIFT_ASSET_SYMBOL_EXTENSIONS = YES;
				CLANG_ANALYZER_NONNULL = YES;
				CLANG_ANALYZER_NUMBER_OBJECT_CONVERSION = YES_AGGRESSIVE;
				CLANG_CXX_LANGUAGE_STANDARD = "gnu++20";
				CLANG_ENABLE_MODULES = YES;
				CLANG_ENABLE_OBJC_ARC = YES;
				CLANG_ENABLE_OBJC_WEAK = YES;
				CLANG_WARN_BLOCK_CAPTURE_AUTORELEASING = YES;
				CLANG_WARN_BOOL_CONVERSION = YES;
				CLANG_WARN_COMMA = YES;
				CLANG_WARN_CONSTANT_CONVERSION = YES;
				CLANG_WARN_DEPRECATED_OBJC_IMPLEMENTATIONS = YES;
				CLANG_WARN_DIRECT_OBJC_ISA_USAGE = YES_ERROR;
				CLANG_WARN_DOCUMENTATION_COMMENTS = YES;
				CLANG_WARN_EMPTY_BODY = YES;
				CLANG_WARN_ENUM_CONVERSION = YES;
				CLANG_WARN_INFINITE_RECURSION = YES;
				CLANG_WARN_INT_CONVERSION = YES;
				CLANG_WARN_NON_LITERAL_NULL_CONVERSION = YES;
				CLANG_WARN_OBJC_IMPLICIT_RETAIN_SELF = YES;
				CLANG_WARN_OBJC_LITERAL_CONVERSION = YES;
				CLANG_WARN_OBJC_ROOT_CLASS = YES_ERROR;
				CLANG_WARN_QUOTED_INCLUDE_IN_FRAMEWORK_HEADER = YES;
				CLANG_WARN_RANGE_LOOP_ANALYSIS = YES;
				CLANG_WARN_STRICT_PROTOTYPES = YES;
				CLANG_WARN_SUSPICIOUS_MOVE = YES;
				CLANG_WARN_UNGUARDED_AVAILABILITY = YES_AGGRESSIVE;
				CLANG_WARN_UNREACHABLE_CODE = YES;
				CLANG_WARN__DUPLICATE_METHOD_MATCH = YES;
				COPY_PHASE_STRIP = NO;
				DEBUG_INFORMATION_FORMAT = dwarf;
				DEVELOPMENT_TEAM = KH65J54B9N;
				ENABLE_STRICT_OBJC_MSGSEND = YES;
				ENABLE_TESTABILITY = YES;
				ENABLE_USER_SCRIPT_SANDBOXING = YES;
				GCC_C_LANGUAGE_STANDARD = gnu17;
				GCC_DYNAMIC_NO_PIC = NO;
				GCC_NO_COMMON_BLOCKS = YES;
				GCC_OPTIMIZATION_LEVEL = 0;
				GCC_PREPROCESSOR_DEFINITIONS = (
					"DEBUG=1",
					"$(inherited)",
				);
				GCC_WARN_64_TO_32_BIT_CONVERSION = YES;
				GCC_WARN_ABOUT_RETURN_TYPE = YES_ERROR;
				GCC_WARN_UNDECLARED_SELECTOR = YES;
				GCC_WARN_UNINITIALIZED_AUTOS = YES_AGGRESSIVE;
				GCC_WARN_UNUSED_FUNCTION = YES;
				GCC_WARN_UNUSED_VARIABLE = YES;
				IPHONEOS_DEPLOYMENT_TARGET = 26.1;
				LOCALIZATION_PREFERS_STRING_CATALOGS = YES;
				MTL_ENABLE_DEBUG_INFO = INCLUDE_SOURCE;
				MTL_FAST_MATH = YES;
				ONLY_ACTIVE_ARCH = YES;
				SDKROOT = iphoneos;
				SWIFT_ACTIVE_COMPILATION_CONDITIONS = "DEBUG $(inherited)";
				SWIFT_OPTIMIZATION_LEVEL = "-Onone";
			};
			name = Debug;
		};
		7371DA2B2F496A4900744F31 /* Release */ = {
			isa = XCBuildConfiguration;
			buildSettings = {
				ALWAYS_SEARCH_USER_PATHS = NO;
				ASSETCATALOG_COMPILER_GENERATE_SWIFT_ASSET_SYMBOL_EXTENSIONS = YES;
				CLANG_ANALYZER_NONNULL = YES;
				CLANG_ANALYZER_NUMBER_OBJECT_CONVERSION = YES_AGGRESSIVE;
				CLANG_CXX_LANGUAGE_STANDARD = "gnu++20";
				CLANG_ENABLE_MODULES = YES;
				CLANG_ENABLE_OBJC_ARC = YES;
				CLANG_ENABLE_OBJC_WEAK = YES;
				CLANG_WARN_BLOCK_CAPTURE_AUTORELEASING = YES;
				CLANG_WARN_BOOL_CONVERSION = YES;
				CLANG_WARN_COMMA = YES;
				CLANG_WARN_CONSTANT_CONVERSION = YES;
				CLANG_WARN_DEPRECATED_OBJC_IMPLEMENTATIONS = YES;
				CLANG_WARN_DIRECT_OBJC_ISA_USAGE = YES_ERROR;
				CLANG_WARN_DOCUMENTATION_COMMENTS = YES;
				CLANG_WARN_EMPTY_BODY = YES;
				CLANG_WARN_ENUM_CONVERSION = YES;
				CLANG_WARN_INFINITE_RECURSION = YES;
				CLANG_WARN_INT_CONVERSION = YES;
				CLANG_WARN_NON_LITERAL_NULL_CONVERSION = YES;
				CLANG_WARN_OBJC_IMPLICIT_RETAIN_SELF = YES;
				CLANG_WARN_OBJC_LITERAL_CONVERSION = YES;
				CLANG_WARN_OBJC_ROOT_CLASS = YES_ERROR;
				CLANG_WARN_QUOTED_INCLUDE_IN_FRAMEWORK_HEADER = YES;
				CLANG_WARN_RANGE_LOOP_ANALYSIS = YES;
				CLANG_WARN_STRICT_PROTOTYPES = YES;
				CLANG_WARN_SUSPICIOUS_MOVE = YES;
				CLANG_WARN_UNGUARDED_AVAILABILITY = YES_AGGRESSIVE;
				CLANG_WARN_UNREACHABLE_CODE = YES;
				CLANG_WARN__DUPLICATE_METHOD_MATCH = YES;
				COPY_PHASE_STRIP = NO;
				DEBUG_INFORMATION_FORMAT = "dwarf-with-dsym";
				DEVELOPMENT_TEAM = KH65J54B9N;
				ENABLE_NS_ASSERTIONS = NO;
				ENABLE_STRICT_OBJC_MSGSEND = YES;
				ENABLE_USER_SCRIPT_SANDBOXING = YES;
				GCC_C_LANGUAGE_STANDARD = gnu17;
				GCC_NO_COMMON_BLOCKS = YES;
				GCC_WARN_64_TO_32_BIT_CONVERSION = YES;
				GCC_WARN_ABOUT_RETURN_TYPE = YES_ERROR;
				GCC_WARN_UNDECLARED_SELECTOR = YES;
				GCC_WARN_UNINITIALIZED_AUTOS = YES_AGGRESSIVE;
				GCC_WARN_UNUSED_FUNCTION = YES;
				GCC_WARN_UNUSED_VARIABLE = YES;
				IPHONEOS_DEPLOYMENT_TARGET = 26.1;
				LOCALIZATION_PREFERS_STRING_CATALOGS = YES;
				MTL_ENABLE_DEBUG_INFO = NO;
				MTL_FAST_MATH = YES;
				SDKROOT = iphoneos;
				SWIFT_COMPILATION_MODE = wholemodule;
				VALIDATE_PRODUCT = YES;
			};
			name = Release;
		};
		7371DA2D2F496A4900744F31 /* Debug */ = {
			isa = XCBuildConfiguration;
			buildSettings = {
				ASSETCATALOG_COMPILER_APPICON_NAME = AppIcon;
				ASSETCATALOG_COMPILER_GLOBAL_ACCENT_COLOR_NAME = AccentColor;
				CODE_SIGN_STYLE = Automatic;
				CURRENT_PROJECT_VERSION = 1;
				DEVELOPMENT_TEAM = KH65J54B9N;
				ENABLE_PREVIEWS = YES;
				GENERATE_INFOPLIST_FILE = YES;
				INFOPLIST_FILE = "P7-Countries-Travel/Info.plist";
				INFOPLIST_KEY_UIApplicationSceneManifest_Generation = YES;
				INFOPLIST_KEY_UIApplicationSupportsIndirectInputEvents = YES;
				INFOPLIST_KEY_UISupportedInterfaceOrientations_iPad = "UIInterfaceOrientationPortrait UIInterfaceOrientationPortraitUpsideDown UIInterfaceOrientationLandscapeLeft UIInterfaceOrientationLandscapeRight";
				INFOPLIST_KEY_UISupportedInterfaceOrientations_iPhone = "UIInterfaceOrientationPortrait UIInterfaceOrientationLandscapeLeft UIInterfaceOrientationLandscapeRight";
				LD_RUNPATH_SEARCH_PATHS = (
					"$(inherited)",
					"@executable_path/Frameworks",
				);
				MARKETING_VERSION = 1.0;
				PRODUCT_BUNDLE_IDENTIFIER = "com.atoniogargiulo.P7-Countries-Travel";
				PRODUCT_NAME = "$(TARGET_NAME)";
				STRING_CATALOG_GENERATE_SYMBOLS = YES;
				SWIFT_APPROACHABLE_CONCURRENCY = YES;
				SWIFT_DEFAULT_ACTOR_ISOLATION = MainActor;
				SWIFT_EMIT_LOC_STRINGS = YES;
				SWIFT_UPCOMING_FEATURE_MEMBER_IMPORT_VISIBILITY = NO;
				SWIFT_VERSION = 5.0;
				TARGETED_DEVICE_FAMILY = "1,2";
			};
			name = Debug;
		};
		7371DA2E2F496A4900744F31 /* Release */ = {
			isa = XCBuildConfiguration;
			buildSettings = {
				ASSETCATALOG_COMPILER_APPICON_NAME = AppIcon;
				ASSETCATALOG_COMPILER_GLOBAL_ACCENT_COLOR_NAME = AccentColor;
				CODE_SIGN_STYLE = Automatic;
				CURRENT_PROJECT_VERSION = 1;
				DEVELOPMENT_TEAM = KH65J54B9N;
				ENABLE_PREVIEWS = YES;
				GENERATE_INFOPLIST_FILE = YES;
				INFOPLIST_FILE = "P7-Countries-Travel/Info.plist";
				INFOPLIST_KEY_UIApplicationSceneManifest_Generation = YES;
				INFOPLIST_KEY_UIApplicationSupportsIndirectInputEvents = YES;
				INFOPLIST_KEY_UISupportedInterfaceOrientations_iPad = "UIInterfaceOrientationPortrait UIInterfaceOrientationPortraitUpsideDown UIInterfaceOrientationLandscapeLeft UIInterfaceOrientationLandscapeRight";
				INFOPLIST_KEY_UISupportedInterfaceOrientations_iPhone = "UIInterfaceOrientationPortrait UIInterfaceOrientationLandscapeLeft UIInterfaceOrientationLandscapeRight";
				LD_RUNPATH_SEARCH_PATHS = (
					"$(inherited)",
					"@executable_path/Frameworks",
				);
				MARKETING_VERSION = 1.0;
				PRODUCT_BUNDLE_IDENTIFIER = "com.atoniogargiulo.P7-Countries-Travel";
				PRODUCT_NAME = "$(TARGET_NAME)";
				STRING_CATALOG_GENERATE_SYMBOLS = YES;
				SWIFT_APPROACHABLE_CONCURRENCY = YES;
				SWIFT_DEFAULT_ACTOR_ISOLATION = MainActor;
				SWIFT_EMIT_LOC_STRINGS = YES;
				SWIFT_UPCOMING_FEATURE_MEMBER_IMPORT_VISIBILITY = NO;
				SWIFT_VERSION = 5.0;
				TARGETED_DEVICE_FAMILY = "1,2";
			};
			name = Release;
		};
/* End XCBuildConfiguration section */

/* Begin XCConfigurationList section */
		7371DA1C2F496A4800744F31 /* Build configuration list for PBXProject "P7-Countries-Travel" */ = {
			isa = XCConfigurationList;
			buildConfigurations = (
				7371DA2A2F496A4900744F31 /* Debug */,
				7371DA2B2F496A4900744F31 /* Release */,
			);
			defaultConfigurationIsVisible = 0;
			defaultConfigurationName = Release;
		};
		7371DA2C2F496A4900744F31 /* Build configuration list for PBXNativeTarget "P7-Countries-Travel" */ = {
			isa = XCConfigurationList;
			buildConfigurations = (
				7371DA2D2F496A4900744F31 /* Debug */,
				7371DA2E2F496A4900744F31 /* Release */,
			);
			defaultConfigurationIsVisible = 0;
			defaultConfigurationName = Release;
		};
/* End XCConfigurationList section */

/* Begin XCVersionGroup section */
		73A0B6682F537C7A007D8B33 /* TripContainer.xcdatamodeld */ = {
			isa = XCVersionGroup;
			children = (
				73A0B6692F537C7A007D8B33 /* TripContainer.xcdatamodel */,
			);
			currentVersion = 73A0B6692F537C7A007D8B33 /* TripContainer.xcdatamodel */;
			path = TripContainer.xcdatamodeld;
			sourceTree = "<group>";
			versionGroupType = wrapper.xcdatamodel;
		};
/* End XCVersionGroup section */
	};
	rootObject = 7371DA192F496A4800744F31 /* Project object */;
}
